
Microsoft Visual Studio Solution File, Format Version 12.00
# Visual Studio Version 17
VisualStudioVersion = 17.2.32602.215
MinimumVisualStudioVersion = 10.0.40219.1
Project("{FAE04EC0-301F-11D3-BF4B-00C04F79EFBC}") = "TaskManager", "TaskManager\TaskManager.csproj", "{500022BB-ED84-4563-8E0A-3A23D088F1DD}"
EndProject
Global
	GlobalSection(SolutionConfigurationPlatforms) = preSolution
		Debug|Any CPU = Debug|Any CPU
		Release|Any CPU = Release|Any CPU
	EndGlobalSection
	GlobalSection(ProjectConfigurationPlatforms) = postSolution
		{500022BB-ED84-4563-8E0A-3A23D088F1DD}.Debug|Any CPU.ActiveCfg = Debug|Any CPU
		{500022BB-ED84-4563-8E0A-3A23D088F1DD}.Debug|Any CPU.Build.0 = Debug|Any CPU
		{500022BB-ED84-4563-8E0A-3A23D088F1DD}.Release|Any CPU.ActiveCfg = Release|Any CPU
		{500022BB-ED84-4563-8E0A-3A23D088F1DD}.Release|Any CPU.Build.0 = Release|Any CPU
	EndGlobalSection
	GlobalSection(SolutionProperties) = preSolution
		HideSolutionNode = FALSE
	EndGlobalSection
	GlobalSection(ExtensibilityGlobals) = postSolution
		SolutionGuid = {5259554A-52E5-49A5-ADD0-CCD49138009C}
	EndGlobalSection
EndGlobal
